
Microsoft Visual Studio Solution File, Format Version 12.00
# Visual Studio Version 16
VisualStudioVersion = 16.0.30225.117
MinimumVisualStudioVersion = 10.0.40219.1
Project("{8BC9CEB8-8B4A-11D0-8D11-00A0C91BC942}") = "meters_into_kilometers", "meters_into_kilometers\meters_into_kilometers.vcxproj", "{99C688FB-9AED-499B-8A22-4696A1A3A995}"
EndProject
Global
	GlobalSection(SolutionConfigurationPlatforms) = preSolution
		Debug|x64 = Debug|x64
		Debug|x86 = Debug|x86
		Release|x64 = Release|x64
		Release|x86 = Release|x86
	EndGlobalSection
	GlobalSection(ProjectConfigurationPlatforms) = postSolution
		{99C688FB-9AED-499B-8A22-4696A1A3A995}.Debug|x64.ActiveCfg = Debug|x64
		{99C688FB-9AED-499B-8A22-4696A1A3A995}.Debug|x64.Build.0 = Debug|x64
		{99C688FB-9AED-499B-8A22-4696A1A3A995}.Debug|x86.ActiveCfg = Debug|Win32
		{99C688FB-9AED-499B-8A22-4696A1A3A995}.Debug|x86.Build.0 = Debug|Win32
		{99C688FB-9AED-499B-8A22-4696A1A3A995}.Release|x64.ActiveCfg = Release|x64
		{99C688FB-9AED-499B-8A22-4696A1A3A995}.Release|x64.Build.0 = Release|x64
		{99C688FB-9AED-499B-8A22-4696A1A3A995}.Release|x86.ActiveCfg = Release|Win32
		{99C688FB-9AED-499B-8A22-4696A1A3A995}.Release|x86.Build.0 = Release|Win32
	EndGlobalSection
	GlobalSection(SolutionProperties) = preSolution
		HideSolutionNode = FALSE
	EndGlobalSection
	GlobalSection(ExtensibilityGlobals) = postSolution
		SolutionGuid = {46D0A34B-64D9-4711-89D6-AB764924AA5E}
	EndGlobalSection
EndGlobal
