
Microsoft Visual Studio Solution File, Format Version 12.00
# Visual Studio Version 16
VisualStudioVersion = 16.0.30225.117
MinimumVisualStudioVersion = 10.0.40219.1
Project("{8BC9CEB8-8B4A-11D0-8D11-00A0C91BC942}") = "algebraic sum level1", "algebraic sum level1\algebraic sum level1.vcxproj", "{2D3DDB03-F524-4C3B-91EB-DB7800D9E8EC}"
EndProject
Global
	GlobalSection(SolutionConfigurationPlatforms) = preSolution
		Debug|x64 = Debug|x64
		Debug|x86 = Debug|x86
		Release|x64 = Release|x64
		Release|x86 = Release|x86
	EndGlobalSection
	GlobalSection(ProjectConfigurationPlatforms) = postSolution
		{2D3DDB03-F524-4C3B-91EB-DB7800D9E8EC}.Debug|x64.ActiveCfg = Debug|x64
		{2D3DDB03-F524-4C3B-91EB-DB7800D9E8EC}.Debug|x64.Build.0 = Debug|x64
		{2D3DDB03-F524-4C3B-91EB-DB7800D9E8EC}.Debug|x86.ActiveCfg = Debug|Win32
		{2D3DDB03-F524-4C3B-91EB-DB7800D9E8EC}.Debug|x86.Build.0 = Debug|Win32
		{2D3DDB03-F524-4C3B-91EB-DB7800D9E8EC}.Release|x64.ActiveCfg = Release|x64
		{2D3DDB03-F524-4C3B-91EB-DB7800D9E8EC}.Release|x64.Build.0 = Release|x64
		{2D3DDB03-F524-4C3B-91EB-DB7800D9E8EC}.Release|x86.ActiveCfg = Release|Win32
		{2D3DDB03-F524-4C3B-91EB-DB7800D9E8EC}.Release|x86.Build.0 = Release|Win32
	EndGlobalSection
	GlobalSection(SolutionProperties) = preSolution
		HideSolutionNode = FALSE
	EndGlobalSection
	GlobalSection(ExtensibilityGlobals) = postSolution
		SolutionGuid = {C6DAA9E2-D819-4E67-BFC6-2507DDE00D0F}
	EndGlobalSection
EndGlobal
